
Microsoft Visual Studio Solution File, Format Version 12.00
# Visual Studio Version 16
VisualStudioVersion = 16.0.34931.43
MinimumVisualStudioVersion = 10.0.40219.1
Project("{FAE04EC0-301F-11D3-BF4B-00C04F79EFBC}") = "ConsoleApp3", "ConsoleApp3.csproj", "{5F561832-E44C-4223-8AC6-9F0F66092C62}"
EndProject
Global
	GlobalSection(SolutionConfigurationPlatforms) = preSolution
		Debug|Any CPU = Debug|Any CPU
		Release|Any CPU = Release|Any CPU
	EndGlobalSection
	GlobalSection(ProjectConfigurationPlatforms) = postSolution
		{5F561832-E44C-4223-8AC6-9F0F66092C62}.Debug|Any CPU.ActiveCfg = Debug|Any CPU
		{5F561832-E44C-4223-8AC6-9F0F66092C62}.Debug|Any CPU.Build.0 = Debug|Any CPU
		{5F561832-E44C-4223-8AC6-9F0F66092C62}.Release|Any CPU.ActiveCfg = Release|Any CPU
		{5F561832-E44C-4223-8AC6-9F0F66092C62}.Release|Any CPU.Build.0 = Release|Any CPU
	EndGlobalSection
	GlobalSection(SolutionProperties) = preSolution
		HideSolutionNode = FALSE
	EndGlobalSection
	GlobalSection(ExtensibilityGlobals) = postSolution
		SolutionGuid = {55E8FEA3-B2B2-45A7-B571-44887CF7E798}
	EndGlobalSection
EndGlobal
